
Microsoft Visual Studio Solution File, Format Version 12.00
# Visual Studio Version 17
VisualStudioVersion = 17.4.33122.133
MinimumVisualStudioVersion = 10.0.40219.1
Project("{9A19103F-16F7-4668-BE54-9A1E7A4F7556}") = "AdventOfCode", "AdventOfCode\AdventOfCode.csproj", "{DEF9EC23-0F05-42EE-85FE-7536F12A8254}"
	ProjectSection(ProjectDependencies) = postProject
		{2686013F-7CFD-47AC-BBB0-A4E9359A818B} = {2686013F-7CFD-47AC-BBB0-A4E9359A818B}
	EndProjectSection
EndProject
Project("{9A19103F-16F7-4668-BE54-9A1E7A4F7556}") = "DayOne", "DayOne\DayOne.csproj", "{2686013F-7CFD-47AC-BBB0-A4E9359A818B}"
EndProject
Project("{9A19103F-16F7-4668-BE54-9A1E7A4F7556}") = "DayTwo", "DayTwo\DayTwo.csproj", "{8FBF888C-A541-4CE2-8C51-A1DFA3AA97C2}"
EndProject
Project("{9A19103F-16F7-4668-BE54-9A1E7A4F7556}") = "DayThree", "DayThree\DayThree.csproj", "{24D15476-69D4-4D70-98FC-62964C14BC46}"
EndProject
Project("{9A19103F-16F7-4668-BE54-9A1E7A4F7556}") = "DayFour", "DayFour\DayFour.csproj", "{92ED5E92-F342-4C02-A09B-E061D2959A81}"
EndProject
Project("{9A19103F-16F7-4668-BE54-9A1E7A4F7556}") = "DayFive", "DayFive\DayFive.csproj", "{FE3DD4A3-57C9-4765-A558-B556B60B2284}"
EndProject
Project("{9A19103F-16F7-4668-BE54-9A1E7A4F7556}") = "DaySix", "DaySix\DaySix.csproj", "{042B7923-A8E6-45C3-8C2F-D60C654CC565}"
EndProject
Project("{9A19103F-16F7-4668-BE54-9A1E7A4F7556}") = "DaySeven", "DaySeven\DaySeven.csproj", "{4E98FC12-009E-4AE4-A515-8931F363D7AF}"
EndProject
Project("{9A19103F-16F7-4668-BE54-9A1E7A4F7556}") = "DayEight", "DayEight\DayEight.csproj", "{4BE0D03F-EC2C-4D47-B1E6-9BB67305EC75}"
EndProject
Project("{9A19103F-16F7-4668-BE54-9A1E7A4F7556}") = "DayNine", "DayNine\DayNine.csproj", "{D6F342FF-8978-48B8-8571-F1EB374656B8}"
EndProject
Project("{9A19103F-16F7-4668-BE54-9A1E7A4F7556}") = "DayTen", "DayTen\DayTen.csproj", "{A611DFB5-F89F-40EA-9684-06C9E61E4C10}"
EndProject
Project("{FAE04EC0-301F-11D3-BF4B-00C04F79EFBC}") = "DayEleven", "DayEleven\DayEleven.csproj", "{BED47C09-2DF1-493F-914F-C1046A8BC9A5}"
EndProject
Global
	GlobalSection(SolutionConfigurationPlatforms) = preSolution
		Debug|Any CPU = Debug|Any CPU
		Release|Any CPU = Release|Any CPU
	EndGlobalSection
	GlobalSection(ProjectConfigurationPlatforms) = postSolution
		{DEF9EC23-0F05-42EE-85FE-7536F12A8254}.Debug|Any CPU.ActiveCfg = Debug|Any CPU
		{DEF9EC23-0F05-42EE-85FE-7536F12A8254}.Debug|Any CPU.Build.0 = Debug|Any CPU
		{DEF9EC23-0F05-42EE-85FE-7536F12A8254}.Release|Any CPU.ActiveCfg = Release|Any CPU
		{DEF9EC23-0F05-42EE-85FE-7536F12A8254}.Release|Any CPU.Build.0 = Release|Any CPU
		{2686013F-7CFD-47AC-BBB0-A4E9359A818B}.Debug|Any CPU.ActiveCfg = Debug|Any CPU
		{2686013F-7CFD-47AC-BBB0-A4E9359A818B}.Debug|Any CPU.Build.0 = Debug|Any CPU
		{2686013F-7CFD-47AC-BBB0-A4E9359A818B}.Release|Any CPU.ActiveCfg = Release|Any CPU
		{2686013F-7CFD-47AC-BBB0-A4E9359A818B}.Release|Any CPU.Build.0 = Release|Any CPU
		{8FBF888C-A541-4CE2-8C51-A1DFA3AA97C2}.Debug|Any CPU.ActiveCfg = Debug|Any CPU
		{8FBF888C-A541-4CE2-8C51-A1DFA3AA97C2}.Debug|Any CPU.Build.0 = Debug|Any CPU
		{8FBF888C-A541-4CE2-8C51-A1DFA3AA97C2}.Release|Any CPU.ActiveCfg = Release|Any CPU
		{8FBF888C-A541-4CE2-8C51-A1DFA3AA97C2}.Release|Any CPU.Build.0 = Release|Any CPU
		{24D15476-69D4-4D70-98FC-62964C14BC46}.Debug|Any CPU.ActiveCfg = Debug|Any CPU
		{24D15476-69D4-4D70-98FC-62964C14BC46}.Debug|Any CPU.Build.0 = Debug|Any CPU
		{24D15476-69D4-4D70-98FC-62964C14BC46}.Release|Any CPU.ActiveCfg = Release|Any CPU
		{24D15476-69D4-4D70-98FC-62964C14BC46}.Release|Any CPU.Build.0 = Release|Any CPU
		{92ED5E92-F342-4C02-A09B-E061D2959A81}.Debug|Any CPU.ActiveCfg = Debug|Any CPU
		{92ED5E92-F342-4C02-A09B-E061D2959A81}.Debug|Any CPU.Build.0 = Debug|Any CPU
		{92ED5E92-F342-4C02-A09B-E061D2959A81}.Release|Any CPU.ActiveCfg = Release|Any CPU
		{92ED5E92-F342-4C02-A09B-E061D2959A81}.Release|Any CPU.Build.0 = Release|Any CPU
		{FE3DD4A3-57C9-4765-A558-B556B60B2284}.Debug|Any CPU.ActiveCfg = Debug|Any CPU
		{FE3DD4A3-57C9-4765-A558-B556B60B2284}.Debug|Any CPU.Build.0 = Debug|Any CPU
		{FE3DD4A3-57C9-4765-A558-B556B60B2284}.Release|Any CPU.ActiveCfg = Release|Any CPU
		{FE3DD4A3-57C9-4765-A558-B556B60B2284}.Release|Any CPU.Build.0 = Release|Any CPU
		{042B7923-A8E6-45C3-8C2F-D60C654CC565}.Debug|Any CPU.ActiveCfg = Debug|Any CPU
		{042B7923-A8E6-45C3-8C2F-D60C654CC565}.Debug|Any CPU.Build.0 = Debug|Any CPU
		{042B7923-A8E6-45C3-8C2F-D60C654CC565}.Release|Any CPU.ActiveCfg = Release|Any CPU
		{042B7923-A8E6-45C3-8C2F-D60C654CC565}.Release|Any CPU.Build.0 = Release|Any CPU
		{4E98FC12-009E-4AE4-A515-8931F363D7AF}.Debug|Any CPU.ActiveCfg = Debug|Any CPU
		{4E98FC12-009E-4AE4-A515-8931F363D7AF}.Debug|Any CPU.Build.0 = Debug|Any CPU
		{4E98FC12-009E-4AE4-A515-8931F363D7AF}.Release|Any CPU.ActiveCfg = Release|Any CPU
		{4E98FC12-009E-4AE4-A515-8931F363D7AF}.Release|Any CPU.Build.0 = Release|Any CPU
		{4BE0D03F-EC2C-4D47-B1E6-9BB67305EC75}.Debug|Any CPU.ActiveCfg = Debug|Any CPU
		{4BE0D03F-EC2C-4D47-B1E6-9BB67305EC75}.Debug|Any CPU.Build.0 = Debug|Any CPU
		{4BE0D03F-EC2C-4D47-B1E6-9BB67305EC75}.Release|Any CPU.ActiveCfg = Release|Any CPU
		{4BE0D03F-EC2C-4D47-B1E6-9BB67305EC75}.Release|Any CPU.Build.0 = Release|Any CPU
		{D6F342FF-8978-48B8-8571-F1EB374656B8}.Debug|Any CPU.ActiveCfg = Debug|Any CPU
		{D6F342FF-8978-48B8-8571-F1EB374656B8}.Debug|Any CPU.Build.0 = Debug|Any CPU
		{D6F342FF-8978-48B8-8571-F1EB374656B8}.Release|Any CPU.ActiveCfg = Release|Any CPU
		{D6F342FF-8978-48B8-8571-F1EB374656B8}.Release|Any CPU.Build.0 = Release|Any CPU
		{A611DFB5-F89F-40EA-9684-06C9E61E4C10}.Debug|Any CPU.ActiveCfg = Debug|Any CPU
		{A611DFB5-F89F-40EA-9684-06C9E61E4C10}.Debug|Any CPU.Build.0 = Debug|Any CPU
		{A611DFB5-F89F-40EA-9684-06C9E61E4C10}.Release|Any CPU.ActiveCfg = Release|Any CPU
		{A611DFB5-F89F-40EA-9684-06C9E61E4C10}.Release|Any CPU.Build.0 = Release|Any CPU
		{BED47C09-2DF1-493F-914F-C1046A8BC9A5}.Debug|Any CPU.ActiveCfg = Debug|Any CPU
		{BED47C09-2DF1-493F-914F-C1046A8BC9A5}.Debug|Any CPU.Build.0 = Debug|Any CPU
		{BED47C09-2DF1-493F-914F-C1046A8BC9A5}.Release|Any CPU.ActiveCfg = Release|Any CPU
		{BED47C09-2DF1-493F-914F-C1046A8BC9A5}.Release|Any CPU.Build.0 = Release|Any CPU
	EndGlobalSection
	GlobalSection(SolutionProperties) = preSolution
		HideSolutionNode = FALSE
	EndGlobalSection
	GlobalSection(ExtensibilityGlobals) = postSolution
		SolutionGuid = {A286C0CA-F9E8-45C4-8E45-282A376DA330}
	EndGlobalSection
EndGlobal
